
Microsoft Visual Studio Solution File, Format Version 12.00
# Visual Studio Version 16
VisualStudioVersion = 16.0.30621.155
MinimumVisualStudioVersion = 10.0.40219.1
Project("{9A19103F-16F7-4668-BE54-9A1E7A4F7556}") = "CRUD_Razor_2_1", "CRUD_Razor_2_1\CRUD_Razor_2_1.csproj", "{2BFFE6F9-5A34-4C67-9D4A-CD437C8C297C}"
EndProject
Global
	GlobalSection(SolutionConfigurationPlatforms) = preSolution
		Debug|Any CPU = Debug|Any CPU
		Release|Any CPU = Release|Any CPU
	EndGlobalSection
	GlobalSection(ProjectConfigurationPlatforms) = postSolution
		{2BFFE6F9-5A34-4C67-9D4A-CD437C8C297C}.Debug|Any CPU.ActiveCfg = Debug|Any CPU
		{2BFFE6F9-5A34-4C67-9D4A-CD437C8C297C}.Debug|Any CPU.Build.0 = Debug|Any CPU
		{2BFFE6F9-5A34-4C67-9D4A-CD437C8C297C}.Release|Any CPU.ActiveCfg = Release|Any CPU
		{2BFFE6F9-5A34-4C67-9D4A-CD437C8C297C}.Release|Any CPU.Build.0 = Release|Any CPU
	EndGlobalSection
	GlobalSection(SolutionProperties) = preSolution
		HideSolutionNode = FALSE
	EndGlobalSection
	GlobalSection(ExtensibilityGlobals) = postSolution
		SolutionGuid = {DC55DE35-8BC7-42E7-97F0-DE4C4EAB8969}
	EndGlobalSection
EndGlobal
